
Microsoft Visual Studio Solution File, Format Version 12.00
# Visual Studio Version 17
VisualStudioVersion = 17.14.37111.16 d17.14
MinimumVisualStudioVersion = 10.0.40219.1
Project("{FAE04EC0-301F-11D3-BF4B-00C04F79EFBC}") = "WebAPI", "WebAPI\WebAPI.csproj", "{C3C0B037-777B-4A2B-B77D-66411D5863D9}"
EndProject
Project("{FAE04EC0-301F-11D3-BF4B-00C04F79EFBC}") = "Domain.Model", "Domain.Model\Domain.Model.csproj", "{D2EBC142-9113-4981-AD8D-A014B293047B}"
EndProject
Project("{FAE04EC0-301F-11D3-BF4B-00C04F79EFBC}") = "Data", "Data\Data.csproj", "{6997D63A-6380-4928-A4BB-392D85868C7E}"
EndProject
Project("{FAE04EC0-301F-11D3-BF4B-00C04F79EFBC}") = "DTOs", "DTOs\DTOs.csproj", "{C23AE9A6-9FC8-4F2D-9251-F2977245F3C5}"
EndProject
Project("{FAE04EC0-301F-11D3-BF4B-00C04F79EFBC}") = "Application.Services", "Application.Services\Application.Services.csproj", "{21416A18-5A05-4B5E-83BE-1D6F6F473FE7}"
EndProject
Global
	GlobalSection(SolutionConfigurationPlatforms) = preSolution
		Debug|Any CPU = Debug|Any CPU
		Release|Any CPU = Release|Any CPU
	EndGlobalSection
	GlobalSection(ProjectConfigurationPlatforms) = postSolution
		{C3C0B037-777B-4A2B-B77D-66411D5863D9}.Debug|Any CPU.ActiveCfg = Debug|Any CPU
		{C3C0B037-777B-4A2B-B77D-66411D5863D9}.Debug|Any CPU.Build.0 = Debug|Any CPU
		{C3C0B037-777B-4A2B-B77D-66411D5863D9}.Release|Any CPU.ActiveCfg = Release|Any CPU
		{C3C0B037-777B-4A2B-B77D-66411D5863D9}.Release|Any CPU.Build.0 = Release|Any CPU
		{D2EBC142-9113-4981-AD8D-A014B293047B}.Debug|Any CPU.ActiveCfg = Debug|Any CPU
		{D2EBC142-9113-4981-AD8D-A014B293047B}.Debug|Any CPU.Build.0 = Debug|Any CPU
		{D2EBC142-9113-4981-AD8D-A014B293047B}.Release|Any CPU.ActiveCfg = Release|Any CPU
		{D2EBC142-9113-4981-AD8D-A014B293047B}.Release|Any CPU.Build.0 = Release|Any CPU
		{6997D63A-6380-4928-A4BB-392D85868C7E}.Debug|Any CPU.ActiveCfg = Debug|Any CPU
		{6997D63A-6380-4928-A4BB-392D85868C7E}.Debug|Any CPU.Build.0 = Debug|Any CPU
		{6997D63A-6380-4928-A4BB-392D85868C7E}.Release|Any CPU.ActiveCfg = Release|Any CPU
		{6997D63A-6380-4928-A4BB-392D85868C7E}.Release|Any CPU.Build.0 = Release|Any CPU
		{C23AE9A6-9FC8-4F2D-9251-F2977245F3C5}.Debug|Any CPU.ActiveCfg = Debug|Any CPU
		{C23AE9A6-9FC8-4F2D-9251-F2977245F3C5}.Debug|Any CPU.Build.0 = Debug|Any CPU
		{C23AE9A6-9FC8-4F2D-9251-F2977245F3C5}.Release|Any CPU.ActiveCfg = Release|Any CPU
		{C23AE9A6-9FC8-4F2D-9251-F2977245F3C5}.Release|Any CPU.Build.0 = Release|Any CPU
		{21416A18-5A05-4B5E-83BE-1D6F6F473FE7}.Debug|Any CPU.ActiveCfg = Debug|Any CPU
		{21416A18-5A05-4B5E-83BE-1D6F6F473FE7}.Debug|Any CPU.Build.0 = Debug|Any CPU
		{21416A18-5A05-4B5E-83BE-1D6F6F473FE7}.Release|Any CPU.ActiveCfg = Release|Any CPU
		{21416A18-5A05-4B5E-83BE-1D6F6F473FE7}.Release|Any CPU.Build.0 = Release|Any CPU
	EndGlobalSection
	GlobalSection(SolutionProperties) = preSolution
		HideSolutionNode = FALSE
	EndGlobalSection
	GlobalSection(ExtensibilityGlobals) = postSolution
		SolutionGuid = {A767E4B8-AE57-4F3B-8C78-EBA7AF6D1FB9}
	EndGlobalSection
EndGlobal
